// !$*UTF8*$!
{
	archiveVersion = 1;
	classes = {
	};
	objectVersion = 55;
	objects = {

/* Begin PBXBuildFile section */
		11A829F927023F320005FF3B /* AppDelegate.swift in Sources */ = {isa = PBXBuildFile; fileRef = 11A829F827023F320005FF3B /* AppDelegate.swift */; };
		11A829FB27023F320005FF3B /* SceneDelegate.swift in Sources */ = {isa = PBXBuildFile; fileRef = 11A829FA27023F320005FF3B /* SceneDelegate.swift */; };
		11A829FD27023F320005FF3B /* StartViewController.swift in Sources */ = {isa = PBXBuildFile; fileRef = 11A829FC27023F320005FF3B /* StartViewController.swift */; };
		11A82A0027023F320005FF3B /* Main.storyboard in Resources */ = {isa = PBXBuildFile; fileRef = 11A829FE27023F320005FF3B /* Main.storyboard */; };
		11A82A0227023F380005FF3B /* Assets.xcassets in Resources */ = {isa = PBXBuildFile; fileRef = 11A82A0127023F380005FF3B /* Assets.xcassets */; };
		11A82A0527023F380005FF3B /* LaunchScreen.storyboard in Resources */ = {isa = PBXBuildFile; fileRef = 11A82A0327023F380005FF3B /* LaunchScreen.storyboard */; };
		11A82A0D270241D50005FF3B /* UpdatedV2ThirteenCampusBuildings.mlmodel in Sources */ = {isa = PBXBuildFile; fileRef = 11A82A0C270241D40005FF3B /* UpdatedV2ThirteenCampusBuildings.mlmodel */; };
		11ABF360270AB387000EDAE8 /* MapViewController.swift in Sources */ = {isa = PBXBuildFile; fileRef = 11ABF35F270AB387000EDAE8 /* MapViewController.swift */; };
		11FE42A22718709F0094162C /* SelectViewController.swift in Sources */ = {isa = PBXBuildFile; fileRef = 11FE42A12718709F0094162C /* SelectViewController.swift */; };
		11FE42A6271890B30094162C /* ResultsTableViewController.swift in Sources */ = {isa = PBXBuildFile; fileRef = 11FE42A5271890B30094162C /* ResultsTableViewController.swift */; };
/* End PBXBuildFile section */

/* Begin PBXFileReference section */
		11A829F527023F320005FF3B /* TAMUBuildingSeeker.app */ = {isa = PBXFileReference; explicitFileType = wrapper.application; includeInIndex = 0; path = TAMUBuildingSeeker.app; sourceTree = BUILT_PRODUCTS_DIR; };
		11A829F827023F320005FF3B /* AppDelegate.swift */ = {isa = PBXFileReference; lastKnownFileType = sourcecode.swift; path = AppDelegate.swift; sourceTree = "<group>"; };
		11A829FA27023F320005FF3B /* SceneDelegate.swift */ = {isa = PBXFileReference; lastKnownFileType = sourcecode.swift; path = SceneDelegate.swift; sourceTree = "<group>"; };
		11A829FC27023F320005FF3B /* StartViewController.swift */ = {isa = PBXFileReference; lastKnownFileType = sourcecode.swift; path = StartViewController.swift; sourceTree = "<group>"; };
		11A829FF27023F320005FF3B /* Base */ = {isa = PBXFileReference; lastKnownFileType = file.storyboard; name = Base; path = Base.lproj/Main.storyboard; sourceTree = "<group>"; };
		11A82A0127023F380005FF3B /* Assets.xcassets */ = {isa = PBXFileReference; lastKnownFileType = folder.assetcatalog; path = Assets.xcassets; sourceTree = "<group>"; };
		11A82A0427023F380005FF3B /* Base */ = {isa = PBXFileReference; lastKnownFileType = file.storyboard; name = Base; path = Base.lproj/LaunchScreen.storyboard; sourceTree = "<group>"; };
		11A82A0627023F380005FF3B /* Info.plist */ = {isa = PBXFileReference; lastKnownFileType = text.plist.xml; path = Info.plist; sourceTree = "<group>"; };
		11A82A0C270241D40005FF3B /* UpdatedV2ThirteenCampusBuildings.mlmodel */ = {isa = PBXFileReference; lastKnownFileType = file.mlmodel; path = UpdatedV2ThirteenCampusBuildings.mlmodel; sourceTree = "<group>"; };
		11ABF35F270AB387000EDAE8 /* MapViewController.swift */ = {isa = PBXFileReference; lastKnownFileType = sourcecode.swift; path = MapViewController.swift; sourceTree = "<group>"; };
		11FE42A12718709F0094162C /* SelectViewController.swift */ = {isa = PBXFileReference; lastKnownFileType = sourcecode.swift; path = SelectViewController.swift; sourceTree = "<group>"; };
		11FE42A5271890B30094162C /* ResultsTableViewController.swift */ = {isa = PBXFileReference; lastKnownFileType = sourcecode.swift; path = ResultsTableViewController.swift; sourceTree = "<group>"; };
/* End PBXFileReference section */

/* Begin PBXFrameworksBuildPhase section */
		11A829F227023F320005FF3B /* Frameworks */ = {
			isa = PBXFrameworksBuildPhase;
			buildActionMask = 2147483647;
			files = (
			);
			runOnlyForDeploymentPostprocessing = 0;
		};
/* End PBXFrameworksBuildPhase section */

/* Begin PBXGroup section */
		11A829EC27023F320005FF3B = {
			isa = PBXGroup;
			children = (
				11A829F727023F320005FF3B /* TAMUBuildingSeeker */,
				11A829F627023F320005FF3B /* Products */,
			);
			sourceTree = "<group>";
		};
		11A829F627023F320005FF3B /* Products */ = {
			isa = PBXGroup;
			children = (
				11A829F527023F320005FF3B /* TAMUBuildingSeeker.app */,
			);
			name = Products;
			sourceTree = "<group>";
		};
		11A829F727023F320005FF3B /* TAMUBuildingSeeker */ = {
			isa = PBXGroup;
			children = (
				11A82A0C270241D40005FF3B /* UpdatedV2ThirteenCampusBuildings.mlmodel */,
				11FE42A5271890B30094162C /* ResultsTableViewController.swift */,
				11A829F827023F320005FF3B /* AppDelegate.swift */,
				11A829FA27023F320005FF3B /* SceneDelegate.swift */,
				11A829FC27023F320005FF3B /* StartViewController.swift */,
				11ABF35F270AB387000EDAE8 /* MapViewController.swift */,
				11A829FE27023F320005FF3B /* Main.storyboard */,
				11FE42A12718709F0094162C /* SelectViewController.swift */,
				11A82A0127023F380005FF3B /* Assets.xcassets */,
				11A82A0327023F380005FF3B /* LaunchScreen.storyboard */,
				11A82A0627023F380005FF3B /* Info.plist */,
			);
			path = TAMUBuildingSeeker;
			sourceTree = "<group>";
		};
/* End PBXGroup section */

/* Begin PBXNativeTarget section */
		11A829F427023F320005FF3B /* TAMUBuildingSeeker */ = {
			isa = PBXNativeTarget;
			buildConfigurationList = 11A82A0927023F380005FF3B /* Build configuration list for PBXNativeTarget "TAMUBuildingSeeker" */;
			buildPhases = (
				11A829F127023F320005FF3B /* Sources */,
				11A829F227023F320005FF3B /* Frameworks */,
				11A829F327023F320005FF3B /* Resources */,
			);
			buildRules = (
			);
			dependencies = (
			);
			name = TAMUBuildingSeeker;
			productName = TAMUBuildingSeeker;
			productReference = 11A829F527023F320005FF3B /* TAMUBuildingSeeker.app */;
			productType = "com.apple.product-type.application";
		};
/* End PBXNativeTarget section */

/* Begin PBXProject section */
		11A829ED27023F320005FF3B /* Project object */ = {
			isa = PBXProject;
			attributes = {
				BuildIndependentTargetsInParallel = 1;
				LastSwiftUpdateCheck = 1300;
				LastUpgradeCheck = 1300;
				TargetAttributes = {
					11A829F427023F320005FF3B = {
						CreatedOnToolsVersion = 13.0;
					};
				};
			};
			buildConfigurationList = 11A829F027023F320005FF3B /* Build configuration list for PBXProject "TAMUBuildingSeeker" */;
			compatibilityVersion = "Xcode 13.0";
			developmentRegion = en;
			hasScannedForEncodings = 0;
			knownRegions = (
				en,
				Base,
			);
			mainGroup = 11A829EC27023F320005FF3B;
			productRefGroup = 11A829F627023F320005FF3B /* Products */;
			projectDirPath = "";
			projectRoot = "";
			targets = (
				11A829F427023F320005FF3B /* TAMUBuildingSeeker */,
			);
		};
/* End PBXProject section */

/* Begin PBXResourcesBuildPhase section */
		11A829F327023F320005FF3B /* Resources */ = {
			isa = PBXResourcesBuildPhase;
			buildActionMask = 2147483647;
			files = (
				11A82A0527023F380005FF3B /* LaunchScreen.storyboard in Resources */,
				11A82A0227023F380005FF3B /* Assets.xcassets in Resources */,
				11A82A0027023F320005FF3B /* Main.storyboard in Resources */,
			);
			runOnlyForDeploymentPostprocessing = 0;
		};
/* End PBXResourcesBuildPhase section */

/* Begin PBXSourcesBuildPhase section */
		11A829F127023F320005FF3B /* Sources */ = {
			isa = PBXSourcesBuildPhase;
			buildActionMask = 2147483647;
			files = (
				11A82A0D270241D50005FF3B /* UpdatedV2ThirteenCampusBuildings.mlmodel in Sources */,
				11FE42A6271890B30094162C /* ResultsTableViewController.swift in Sources */,
				11A829FD27023F320005FF3B /* StartViewController.swift in Sources */,
				11A829F927023F320005FF3B /* AppDelegate.swift in Sources */,
				11ABF360270AB387000EDAE8 /* MapViewController.swift in Sources */,
				11FE42A22718709F0094162C /* SelectViewController.swift in Sources */,
				11A829FB27023F320005FF3B /* SceneDelegate.swift in Sources */,
			);
			runOnlyForDeploymentPostprocessing = 0;
		};
/* End PBXSourcesBuildPhase section */

/* Begin PBXVariantGroup section */
		11A829FE27023F320005FF3B /* Main.storyboard */ = {
			isa = PBXVariantGroup;
			children = (
				11A829FF27023F320005FF3B /* Base */,
			);
			name = Main.storyboard;
			sourceTree = "<group>";
		};
		11A82A0327023F380005FF3B /* LaunchScreen.storyboard */ = {
			isa = PBXVariantGroup;
			children = (
				11A82A0427023F380005FF3B /* Base */,
			);
			name = LaunchScreen.storyboard;
			sourceTree = "<group>";
		};
/* End PBXVariantGroup section */

/* Begin XCBuildConfiguration section */
		11A82A0727023F380005FF3B /* Debug */ = {
			isa = XCBuildConfiguration;
			buildSettings = {
				ALWAYS_SEARCH_USER_PATHS = NO;
				CLANG_ANALYZER_NONNULL = YES;
				CLANG_ANALYZER_NUMBER_OBJECT_CONVERSION = YES_AGGRESSIVE;
				CLANG_CXX_LANGUAGE_STANDARD = "gnu++17";
				CLANG_CXX_LIBRARY = "libc++";
				CLANG_ENABLE_MODULES = YES;
				CLANG_ENABLE_OBJC_ARC = YES;
				CLANG_ENABLE_OBJC_WEAK = YES;
				CLANG_WARN_BLOCK_CAPTURE_AUTORELEASING = YES;
				CLANG_WARN_BOOL_CONVERSION = YES;
				CLANG_WARN_COMMA = YES;
				CLANG_WARN_CONSTANT_CONVERSION = YES;
				CLANG_WARN_DEPRECATED_OBJC_IMPLEMENTATIONS = YES;
				CLANG_WARN_DIRECT_OBJC_ISA_USAGE = YES_ERROR;
				CLANG_WARN_DOCUMENTATION_COMMENTS = YES;
				CLANG_WARN_EMPTY_BODY = YES;
				CLANG_WARN_ENUM_CONVERSION = YES;
				CLANG_WARN_INFINITE_RECURSION = YES;
				CLANG_WARN_INT_CONVERSION = YES;
				CLANG_WARN_NON_LITERAL_NULL_CONVERSION = YES;
				CLANG_WARN_OBJC_IMPLICIT_RETAIN_SELF = YES;
				CLANG_WARN_OBJC_LITERAL_CONVERSION = YES;
				CLANG_WARN_OBJC_ROOT_CLASS = YES_ERROR;
				CLANG_WARN_QUOTED_INCLUDE_IN_FRAMEWORK_HEADER = YES;
				CLANG_WARN_RANGE_LOOP_ANALYSIS = YES;
				CLANG_WARN_STRICT_PROTOTYPES = YES;
				CLANG_WARN_SUSPICIOUS_MOVE = YES;
				CLANG_WARN_UNGUARDED_AVAILABILITY = YES_AGGRESSIVE;
				CLANG_WARN_UNREACHABLE_CODE = YES;
				CLANG_WARN__DUPLICATE_METHOD_MATCH = YES;
				COPY_PHASE_STRIP = NO;
				DEBUG_INFORMATION_FORMAT = dwarf;
				ENABLE_STRICT_OBJC_MSGSEND = YES;
				ENABLE_TESTABILITY = YES;
				GCC_C_LANGUAGE_STANDARD = gnu11;
				GCC_DYNAMIC_NO_PIC = NO;
				GCC_NO_COMMON_BLOCKS = YES;
				GCC_OPTIMIZATION_LEVEL = 0;
				GCC_PREPROCESSOR_DEFINITIONS = (
					"DEBUG=1",
					"$(inherited)",
				);
				GCC_WARN_64_TO_32_BIT_CONVERSION = YES;
				GCC_WARN_ABOUT_RETURN_TYPE = YES_ERROR;
				GCC_WARN_UNDECLARED_SELECTOR = YES;
				GCC_WARN_UNINITIALIZED_AUTOS = YES_AGGRESSIVE;
				GCC_WARN_UNUSED_FUNCTION = YES;
				GCC_WARN_UNUSED_VARIABLE = YES;
				IPHONEOS_DEPLOYMENT_TARGET = 15.0;
				MTL_ENABLE_DEBUG_INFO = INCLUDE_SOURCE;
				MTL_FAST_MATH = YES;
				ONLY_ACTIVE_ARCH = YES;
				SDKROOT = iphoneos;
				SWIFT_ACTIVE_COMPILATION_CONDITIONS = DEBUG;
				SWIFT_OPTIMIZATION_LEVEL = "-Onone";
			};
			name = Debug;
		};
		11A82A0827023F380005FF3B /* Release */ = {
			isa = XCBuildConfiguration;
			buildSettings = {
				ALWAYS_SEARCH_USER_PATHS = NO;
				CLANG_ANALYZER_NONNULL = YES;
				CLANG_ANALYZER_NUMBER_OBJECT_CONVERSION = YES_AGGRESSIVE;
				CLANG_CXX_LANGUAGE_STANDARD = "gnu++17";
				CLANG_CXX_LIBRARY = "libc++";
				CLANG_ENABLE_MODULES = YES;
				CLANG_ENABLE_OBJC_ARC = YES;
				CLANG_ENABLE_OBJC_WEAK = YES;
				CLANG_WARN_BLOCK_CAPTURE_AUTORELEASING = YES;
				CLANG_WARN_BOOL_CONVERSION = YES;
				CLANG_WARN_COMMA = YES;
				CLANG_WARN_CONSTANT_CONVERSION = YES;
				CLANG_WARN_DEPRECATED_OBJC_IMPLEMENTATIONS = YES;
				CLANG_WARN_DIRECT_OBJC_ISA_USAGE = YES_ERROR;
				CLANG_WARN_DOCUMENTATION_COMMENTS = YES;
				CLANG_WARN_EMPTY_BODY = YES;
				CLANG_WARN_ENUM_CONVERSION = YES;
				CLANG_WARN_INFINITE_RECURSION = YES;
				CLANG_WARN_INT_CONVERSION = YES;
				CLANG_WARN_NON_LITERAL_NULL_CONVERSION = YES;
				CLANG_WARN_OBJC_IMPLICIT_RETAIN_SELF = YES;
				CLANG_WARN_OBJC_LITERAL_CONVERSION = YES;
				CLANG_WARN_OBJC_ROOT_CLASS = YES_ERROR;
				CLANG_WARN_QUOTED_INCLUDE_IN_FRAMEWORK_HEADER = YES;
				CLANG_WARN_RANGE_LOOP_ANALYSIS = YES;
				CLANG_WARN_STRICT_PROTOTYPES = YES;
				CLANG_WARN_SUSPICIOUS_MOVE = YES;
				CLANG_WARN_UNGUARDED_AVAILABILITY = YES_AGGRESSIVE;
				CLANG_WARN_UNREACHABLE_CODE = YES;
				CLANG_WARN__DUPLICATE_METHOD_MATCH = YES;
				COPY_PHASE_STRIP = NO;
				DEBUG_INFORMATION_FORMAT = "dwarf-with-dsym";
				ENABLE_NS_ASSERTIONS = NO;
				ENABLE_STRICT_OBJC_MSGSEND = YES;
				GCC_C_LANGUAGE_STANDARD = gnu11;
				GCC_NO_COMMON_BLOCKS = YES;
				GCC_WARN_64_TO_32_BIT_CONVERSION = YES;
				GCC_WARN_ABOUT_RETURN_TYPE = YES_ERROR;
				GCC_WARN_UNDECLARED_SELECTOR = YES;
				GCC_WARN_UNINITIALIZED_AUTOS = YES_AGGRESSIVE;
				GCC_WARN_UNUSED_FUNCTION = YES;
				GCC_WARN_UNUSED_VARIABLE = YES;
				IPHONEOS_DEPLOYMENT_TARGET = 15.0;
				MTL_ENABLE_DEBUG_INFO = NO;
				MTL_FAST_MATH = YES;
				SDKROOT = iphoneos;
				SWIFT_COMPILATION_MODE = wholemodule;
				SWIFT_OPTIMIZATION_LEVEL = "-O";
				VALIDATE_PRODUCT = YES;
			};
			name = Release;
		};
		11A82A0A27023F380005FF3B /* Debug */ = {
			isa = XCBuildConfiguration;
			buildSettings = {
				ASSETCATALOG_COMPILER_APPICON_NAME = AppIcon;
				ASSETCATALOG_COMPILER_GLOBAL_ACCENT_COLOR_NAME = AccentColor;
				CODE_SIGN_STYLE = Automatic;
				CURRENT_PROJECT_VERSION = 1;
				DEVELOPMENT_TEAM = PFCM63NH3Y;
				GENERATE_INFOPLIST_FILE = YES;
				INFOPLIST_FILE = TAMUBuildingSeeker/Info.plist;
				INFOPLIST_KEY_UIApplicationSupportsIndirectInputEvents = YES;
				INFOPLIST_KEY_UILaunchStoryboardName = LaunchScreen;
				INFOPLIST_KEY_UIMainStoryboardFile = Main;
				INFOPLIST_KEY_UISupportedInterfaceOrientations = UIInterfaceOrientationPortrait;
				INFOPLIST_KEY_UISupportedInterfaceOrientations_iPad = "UIInterfaceOrientationPortrait UIInterfaceOrientationPortraitUpsideDown UIInterfaceOrientationLandscapeLeft UIInterfaceOrientationLandscapeRight";
				INFOPLIST_KEY_UISupportedInterfaceOrientations_iPhone = "UIInterfaceOrientationPortrait UIInterfaceOrientationLandscapeLeft UIInterfaceOrientationLandscapeRight";
				IPHONEOS_DEPLOYMENT_TARGET = 14.7;
				LD_RUNPATH_SEARCH_PATHS = (
					"$(inherited)",
					"@executable_path/Frameworks",
				);
				MARKETING_VERSION = 1.0;
				PRODUCT_BUNDLE_IDENTIFIER = com.AlexanderHallCS.TAMUBuildingSeeker;
				PRODUCT_NAME = "$(TARGET_NAME)";
				SWIFT_EMIT_LOC_STRINGS = YES;
				SWIFT_VERSION = 5.0;
				TARGETED_DEVICE_FAMILY = "1,2";
			};
			name = Debug;
		};
		11A82A0B27023F380005FF3B /* Release */ = {
			isa = XCBuildConfiguration;
			buildSettings = {
				ASSETCATALOG_COMPILER_APPICON_NAME = AppIcon;
				ASSETCATALOG_COMPILER_GLOBAL_ACCENT_COLOR_NAME = AccentColor;
				CODE_SIGN_STYLE = Automatic;
				CURRENT_PROJECT_VERSION = 1;
				DEVELOPMENT_TEAM = PFCM63NH3Y;
				GENERATE_INFOPLIST_FILE = YES;
				INFOPLIST_FILE = TAMUBuildingSeeker/Info.plist;
				INFOPLIST_KEY_UIApplicationSupportsIndirectInputEvents = YES;
				INFOPLIST_KEY_UILaunchStoryboardName = LaunchScreen;
				INFOPLIST_KEY_UIMainStoryboardFile = Main;
				INFOPLIST_KEY_UISupportedInterfaceOrientations = UIInterfaceOrientationPortrait;
				INFOPLIST_KEY_UISupportedInterfaceOrientations_iPad = "UIInterfaceOrientationPortrait UIInterfaceOrientationPortraitUpsideDown UIInterfaceOrientationLandscapeLeft UIInterfaceOrientationLandscapeRight";
				INFOPLIST_KEY_UISupportedInterfaceOrientations_iPhone = "UIInterfaceOrientationPortrait UIInterfaceOrientationLandscapeLeft UIInterfaceOrientationLandscapeRight";
				IPHONEOS_DEPLOYMENT_TARGET = 14.7;
				LD_RUNPATH_SEARCH_PATHS = (
					"$(inherited)",
					"@executable_path/Frameworks",
				);
				MARKETING_VERSION = 1.0;
				PRODUCT_BUNDLE_IDENTIFIER = com.AlexanderHallCS.TAMUBuildingSeeker;
				PRODUCT_NAME = "$(TARGET_NAME)";
				SWIFT_EMIT_LOC_STRINGS = YES;
				SWIFT_VERSION = 5.0;
				TARGETED_DEVICE_FAMILY = "1,2";
			};
			name = Release;
		};
/* End XCBuildConfiguration section */

/* Begin XCConfigurationList section */
		11A829F027023F320005FF3B /* Build configuration list for PBXProject "TAMUBuildingSeeker" */ = {
			isa = XCConfigurationList;
			buildConfigurations = (
				11A82A0727023F380005FF3B /* Debug */,
				11A82A0827023F380005FF3B /* Release */,
			);
			defaultConfigurationIsVisible = 0;
			defaultConfigurationName = Release;
		};
		11A82A0927023F380005FF3B /* Build configuration list for PBXNativeTarget "TAMUBuildingSeeker" */ = {
			isa = XCConfigurationList;
			buildConfigurations = (
				11A82A0A27023F380005FF3B /* Debug */,
				11A82A0B27023F380005FF3B /* Release */,
			);
			defaultConfigurationIsVisible = 0;
			defaultConfigurationName = Release;
		};
/* End XCConfigurationList section */
	};
	rootObject = 11A829ED27023F320005FF3B /* Project object */;
}
