// !$*UTF8*$!
{
	archiveVersion = 1;
	classes = {
	};
	objectVersion = 55;
	objects = {

/* Begin PBXBuildFile section */
		111FB5B42721BCC30052D9CA /* GoogleService-Info.plist in Resources */ = {isa = PBXBuildFile; fileRef = 111FB5B32721BCC30052D9CA /* GoogleService-Info.plist */; };
		114DC87527CCD5F000F4922D /* MapKit.framework in Frameworks */ = {isa = PBXBuildFile; fileRef = 114DC87427CCD5F000F4922D /* MapKit.framework */; };
		1150EB0427813BF900DA0253 /* LandmarkListViewController.swift in Sources */ = {isa = PBXBuildFile; fileRef = 1150EB0327813BF900DA0253 /* LandmarkListViewController.swift */; };
		1150EB06278143BA00DA0253 /* PhotoBankViewController.swift in Sources */ = {isa = PBXBuildFile; fileRef = 1150EB05278143BA00DA0253 /* PhotoBankViewController.swift */; };
		1154A588279015EC000D59DE /* BViewController.swift in Sources */ = {isa = PBXBuildFile; fileRef = 1154A587279015EC000D59DE /* BViewController.swift */; };
		1154A58A27904A27000D59DE /* EndViewController.swift in Sources */ = {isa = PBXBuildFile; fileRef = 1154A58927904A27000D59DE /* EndViewController.swift */; };
		1154A58C27916FAD000D59DE /* MLModelManager.swift in Sources */ = {isa = PBXBuildFile; fileRef = 1154A58B27916FAD000D59DE /* MLModelManager.swift */; };
		1154A58E27950715000D59DE /* CViewController.swift in Sources */ = {isa = PBXBuildFile; fileRef = 1154A58D27950714000D59DE /* CViewController.swift */; };
		117B646C27FE6CB200445249 /* ResearchKit.framework in Frameworks */ = {isa = PBXBuildFile; fileRef = 117B646927FE6AEE00445249 /* ResearchKit.framework */; };
		117B646D27FE6CB200445249 /* ResearchKit.framework in Embed Frameworks */ = {isa = PBXBuildFile; fileRef = 117B646927FE6AEE00445249 /* ResearchKit.framework */; settings = {ATTRIBUTES = (CodeSignOnCopy, RemoveHeadersOnCopy, ); }; };
		117C481327A837B8000497BD /* SurveyHelper.swift in Sources */ = {isa = PBXBuildFile; fileRef = 117C481227A837B8000497BD /* SurveyHelper.swift */; };
		11A628E827B98E2600DAC35F /* FirebaseManager.swift in Sources */ = {isa = PBXBuildFile; fileRef = 11A628E727B98E2600DAC35F /* FirebaseManager.swift */; };
		11A829F927023F320005FF3B /* AppDelegate.swift in Sources */ = {isa = PBXBuildFile; fileRef = 11A829F827023F320005FF3B /* AppDelegate.swift */; };
		11A829FB27023F320005FF3B /* SceneDelegate.swift in Sources */ = {isa = PBXBuildFile; fileRef = 11A829FA27023F320005FF3B /* SceneDelegate.swift */; };
		11A829FD27023F320005FF3B /* StartViewController.swift in Sources */ = {isa = PBXBuildFile; fileRef = 11A829FC27023F320005FF3B /* StartViewController.swift */; };
		11A82A0027023F320005FF3B /* Main.storyboard in Resources */ = {isa = PBXBuildFile; fileRef = 11A829FE27023F320005FF3B /* Main.storyboard */; };
		11A82A0227023F380005FF3B /* Assets.xcassets in Resources */ = {isa = PBXBuildFile; fileRef = 11A82A0127023F380005FF3B /* Assets.xcassets */; };
		11A82A0527023F380005FF3B /* LaunchScreen.storyboard in Resources */ = {isa = PBXBuildFile; fileRef = 11A82A0327023F380005FF3B /* LaunchScreen.storyboard */; };
		11ABF360270AB387000EDAE8 /* MapViewController.swift in Sources */ = {isa = PBXBuildFile; fileRef = 11ABF35F270AB387000EDAE8 /* MapViewController.swift */; };
		11E1632D277D1C140074A782 /* Globals.swift in Sources */ = {isa = PBXBuildFile; fileRef = 11E1632C277D1C140074A782 /* Globals.swift */; };
		11E16332277D250D0074A782 /* DViewController.swift in Sources */ = {isa = PBXBuildFile; fileRef = 11E16331277D250D0074A782 /* DViewController.swift */; };
		11E16336277D25360074A782 /* AViewController.swift in Sources */ = {isa = PBXBuildFile; fileRef = 11E16335277D25360074A782 /* AViewController.swift */; };
		11E16338277E639F0074A782 /* TutorialViewController.swift in Sources */ = {isa = PBXBuildFile; fileRef = 11E16337277E639F0074A782 /* TutorialViewController.swift */; };
		DFFEAB96CA9452F8F8FF9BB5 /* Pods_TAMUBuildingSeeker.framework in Frameworks */ = {isa = PBXBuildFile; fileRef = 08F159001B8E0CD0A9550E5E /* Pods_TAMUBuildingSeeker.framework */; };
/* End PBXBuildFile section */

/* Begin PBXContainerItemProxy section */
		117B646827FE6AEE00445249 /* PBXContainerItemProxy */ = {
			isa = PBXContainerItemProxy;
			containerPortal = 117B646227FE6AED00445249 /* ResearchKit.xcodeproj */;
			proxyType = 2;
			remoteGlobalIDString = B183A5951A8535D100C76870;
			remoteInfo = ResearchKit;
		};
		117B646A27FE6AEE00445249 /* PBXContainerItemProxy */ = {
			isa = PBXContainerItemProxy;
			containerPortal = 117B646227FE6AED00445249 /* ResearchKit.xcodeproj */;
			proxyType = 2;
			remoteGlobalIDString = 86CC8E9A1AC09332001CCD89;
			remoteInfo = ResearchKitTests;
		};
/* End PBXContainerItemProxy section */

/* Begin PBXCopyFilesBuildPhase section */
		11BFB67D27CFD76000255C7D /* Embed Frameworks */ = {
			isa = PBXCopyFilesBuildPhase;
			buildActionMask = 2147483647;
			dstPath = "";
			dstSubfolderSpec = 10;
			files = (
				117B646D27FE6CB200445249 /* ResearchKit.framework in Embed Frameworks */,
			);
			name = "Embed Frameworks";
			runOnlyForDeploymentPostprocessing = 0;
		};
/* End PBXCopyFilesBuildPhase section */

/* Begin PBXFileReference section */
		08F159001B8E0CD0A9550E5E /* Pods_TAMUBuildingSeeker.framework */ = {isa = PBXFileReference; explicitFileType = wrapper.framework; includeInIndex = 0; path = Pods_TAMUBuildingSeeker.framework; sourceTree = BUILT_PRODUCTS_DIR; };
		111FB5B32721BCC30052D9CA /* GoogleService-Info.plist */ = {isa = PBXFileReference; fileEncoding = 4; lastKnownFileType = text.plist.xml; path = "GoogleService-Info.plist"; sourceTree = "<group>"; };
		114DC87227CCD56400F4922D /* TAMUBuildingSeeker.entitlements */ = {isa = PBXFileReference; lastKnownFileType = text.plist.entitlements; path = TAMUBuildingSeeker.entitlements; sourceTree = "<group>"; };
		114DC87327CCD5D100F4922D /* TAMUBuildingSeekerRelease.entitlements */ = {isa = PBXFileReference; lastKnownFileType = text.plist.entitlements; path = TAMUBuildingSeekerRelease.entitlements; sourceTree = "<group>"; };
		114DC87427CCD5F000F4922D /* MapKit.framework */ = {isa = PBXFileReference; lastKnownFileType = wrapper.framework; name = MapKit.framework; path = System/Library/Frameworks/MapKit.framework; sourceTree = SDKROOT; };
		1150EB0327813BF900DA0253 /* LandmarkListViewController.swift */ = {isa = PBXFileReference; lastKnownFileType = sourcecode.swift; path = LandmarkListViewController.swift; sourceTree = "<group>"; };
		1150EB05278143BA00DA0253 /* PhotoBankViewController.swift */ = {isa = PBXFileReference; lastKnownFileType = sourcecode.swift; path = PhotoBankViewController.swift; sourceTree = "<group>"; };
		1154A587279015EC000D59DE /* BViewController.swift */ = {isa = PBXFileReference; lastKnownFileType = sourcecode.swift; path = BViewController.swift; sourceTree = "<group>"; };
		1154A58927904A27000D59DE /* EndViewController.swift */ = {isa = PBXFileReference; lastKnownFileType = sourcecode.swift; path = EndViewController.swift; sourceTree = "<group>"; };
		1154A58B27916FAD000D59DE /* MLModelManager.swift */ = {isa = PBXFileReference; lastKnownFileType = sourcecode.swift; path = MLModelManager.swift; sourceTree = "<group>"; };
		1154A58D27950714000D59DE /* CViewController.swift */ = {isa = PBXFileReference; lastKnownFileType = sourcecode.swift; path = CViewController.swift; sourceTree = "<group>"; };
		117B646227FE6AED00445249 /* ResearchKit.xcodeproj */ = {isa = PBXFileReference; lastKnownFileType = "wrapper.pb-project"; name = ResearchKit.xcodeproj; path = "../../../Downloads/ResearchKit-2.0.0/ResearchKit.xcodeproj"; sourceTree = "<group>"; };
		117C481227A837B8000497BD /* SurveyHelper.swift */ = {isa = PBXFileReference; lastKnownFileType = sourcecode.swift; name = SurveyHelper.swift; path = TAMUBuildingSeeker/Models/SurveyHelper.swift; sourceTree = SOURCE_ROOT; };
		117C481427A84255000497BD /* ResearchKit.framework */ = {isa = PBXFileReference; explicitFileType = wrapper.framework; path = ResearchKit.framework; sourceTree = BUILT_PRODUCTS_DIR; };
		117C481827A84579000497BD /* ResearchKit.framework */ = {isa = PBXFileReference; explicitFileType = wrapper.framework; path = ResearchKit.framework; sourceTree = BUILT_PRODUCTS_DIR; };
		11A628E727B98E2600DAC35F /* FirebaseManager.swift */ = {isa = PBXFileReference; lastKnownFileType = sourcecode.swift; path = FirebaseManager.swift; sourceTree = "<group>"; };
		11A829F527023F320005FF3B /* TAMUBuildingSeeker.app */ = {isa = PBXFileReference; explicitFileType = wrapper.application; includeInIndex = 0; path = TAMUBuildingSeeker.app; sourceTree = BUILT_PRODUCTS_DIR; };
		11A829F827023F320005FF3B /* AppDelegate.swift */ = {isa = PBXFileReference; lastKnownFileType = sourcecode.swift; path = AppDelegate.swift; sourceTree = "<group>"; };
		11A829FA27023F320005FF3B /* SceneDelegate.swift */ = {isa = PBXFileReference; lastKnownFileType = sourcecode.swift; path = SceneDelegate.swift; sourceTree = "<group>"; };
		11A829FC27023F320005FF3B /* StartViewController.swift */ = {isa = PBXFileReference; lastKnownFileType = sourcecode.swift; path = StartViewController.swift; sourceTree = "<group>"; };
		11A829FF27023F320005FF3B /* Base */ = {isa = PBXFileReference; lastKnownFileType = file.storyboard; name = Base; path = Base.lproj/Main.storyboard; sourceTree = "<group>"; };
		11A82A0127023F380005FF3B /* Assets.xcassets */ = {isa = PBXFileReference; lastKnownFileType = folder.assetcatalog; path = Assets.xcassets; sourceTree = "<group>"; };
		11A82A0427023F380005FF3B /* Base */ = {isa = PBXFileReference; lastKnownFileType = file.storyboard; name = Base; path = Base.lproj/LaunchScreen.storyboard; sourceTree = "<group>"; };
		11A82A0627023F380005FF3B /* Info.plist */ = {isa = PBXFileReference; lastKnownFileType = text.plist.xml; path = Info.plist; sourceTree = "<group>"; };
		11ABF35F270AB387000EDAE8 /* MapViewController.swift */ = {isa = PBXFileReference; lastKnownFileType = sourcecode.swift; path = MapViewController.swift; sourceTree = "<group>"; };
		11B8852C2770833600788483 /* Concept Bold.ttf */ = {isa = PBXFileReference; lastKnownFileType = file; path = "Concept Bold.ttf"; sourceTree = "<group>"; };
		11B8852D2770833800788483 /* Concept Medium.ttf */ = {isa = PBXFileReference; lastKnownFileType = file; path = "Concept Medium.ttf"; sourceTree = "<group>"; };
		11E1632C277D1C140074A782 /* Globals.swift */ = {isa = PBXFileReference; lastKnownFileType = sourcecode.swift; path = Globals.swift; sourceTree = "<group>"; };
		11E16331277D250D0074A782 /* DViewController.swift */ = {isa = PBXFileReference; lastKnownFileType = sourcecode.swift; path = DViewController.swift; sourceTree = "<group>"; };
		11E16335277D25360074A782 /* AViewController.swift */ = {isa = PBXFileReference; lastKnownFileType = sourcecode.swift; path = AViewController.swift; sourceTree = "<group>"; };
		11E16337277E639F0074A782 /* TutorialViewController.swift */ = {isa = PBXFileReference; lastKnownFileType = sourcecode.swift; path = TutorialViewController.swift; sourceTree = "<group>"; };
		2241DAC9207D62F60ED047CD /* Pods-TAMUBuildingSeeker.release.xcconfig */ = {isa = PBXFileReference; includeInIndex = 1; lastKnownFileType = text.xcconfig; name = "Pods-TAMUBuildingSeeker.release.xcconfig"; path = "Target Support Files/Pods-TAMUBuildingSeeker/Pods-TAMUBuildingSeeker.release.xcconfig"; sourceTree = "<group>"; };
		DA91E77AEB18385DC19C01A3 /* Pods-TAMUBuildingSeeker.debug.xcconfig */ = {isa = PBXFileReference; includeInIndex = 1; lastKnownFileType = text.xcconfig; name = "Pods-TAMUBuildingSeeker.debug.xcconfig"; path = "Target Support Files/Pods-TAMUBuildingSeeker/Pods-TAMUBuildingSeeker.debug.xcconfig"; sourceTree = "<group>"; };
/* End PBXFileReference section */

/* Begin PBXFrameworksBuildPhase section */
		11A829F227023F320005FF3B /* Frameworks */ = {
			isa = PBXFrameworksBuildPhase;
			buildActionMask = 2147483647;
			files = (
				114DC87527CCD5F000F4922D /* MapKit.framework in Frameworks */,
				DFFEAB96CA9452F8F8FF9BB5 /* Pods_TAMUBuildingSeeker.framework in Frameworks */,
				117B646C27FE6CB200445249 /* ResearchKit.framework in Frameworks */,
			);
			runOnlyForDeploymentPostprocessing = 0;
		};
/* End PBXFrameworksBuildPhase section */

/* Begin PBXGroup section */
		114DC87127CB1B5000F4922D /* Models */ = {
			isa = PBXGroup;
			children = (
				117C481227A837B8000497BD /* SurveyHelper.swift */,
				1154A58B27916FAD000D59DE /* MLModelManager.swift */,
				11A628E727B98E2600DAC35F /* FirebaseManager.swift */,
			);
			path = Models;
			sourceTree = "<group>";
		};
		117B646327FE6AED00445249 /* Products */ = {
			isa = PBXGroup;
			children = (
				117B646927FE6AEE00445249 /* ResearchKit.framework */,
				117B646B27FE6AEE00445249 /* ResearchKitTests.xctest */,
			);
			name = Products;
			sourceTree = "<group>";
		};
		11A829EC27023F320005FF3B = {
			isa = PBXGroup;
			children = (
				117B646227FE6AED00445249 /* ResearchKit.xcodeproj */,
				11A829F727023F320005FF3B /* TAMUBuildingSeeker */,
				11A829F627023F320005FF3B /* Products */,
				5D5CFA5476B87C3DD4EFA539 /* Pods */,
				8EE0322F4E031585D108613E /* Frameworks */,
			);
			sourceTree = "<group>";
		};
		11A829F627023F320005FF3B /* Products */ = {
			isa = PBXGroup;
			children = (
				11A829F527023F320005FF3B /* TAMUBuildingSeeker.app */,
			);
			name = Products;
			sourceTree = "<group>";
		};
		11A829F727023F320005FF3B /* TAMUBuildingSeeker */ = {
			isa = PBXGroup;
			children = (
				114DC87327CCD5D100F4922D /* TAMUBuildingSeekerRelease.entitlements */,
				114DC87227CCD56400F4922D /* TAMUBuildingSeeker.entitlements */,
				114DC87127CB1B5000F4922D /* Models */,
				11E1632F277D1C970074A782 /* View Controllers */,
				11E1632E277D1C740074A782 /* Supporting Files */,
				11B8852B277082B200788483 /* Fonts */,
				11E1632C277D1C140074A782 /* Globals.swift */,
				11A829FE27023F320005FF3B /* Main.storyboard */,
				11A82A0127023F380005FF3B /* Assets.xcassets */,
				111FB5B32721BCC30052D9CA /* GoogleService-Info.plist */,
				11A82A0627023F380005FF3B /* Info.plist */,
			);
			path = TAMUBuildingSeeker;
			sourceTree = "<group>";
		};
		11B8852B277082B200788483 /* Fonts */ = {
			isa = PBXGroup;
			children = (
				11B8852C2770833600788483 /* Concept Bold.ttf */,
				11B8852D2770833800788483 /* Concept Medium.ttf */,
			);
			path = Fonts;
			sourceTree = "<group>";
		};
		11E1632E277D1C740074A782 /* Supporting Files */ = {
			isa = PBXGroup;
			children = (
				11A829F827023F320005FF3B /* AppDelegate.swift */,
				11A829FA27023F320005FF3B /* SceneDelegate.swift */,
				11A82A0327023F380005FF3B /* LaunchScreen.storyboard */,
			);
			path = "Supporting Files";
			sourceTree = "<group>";
		};
		11E1632F277D1C970074A782 /* View Controllers */ = {
			isa = PBXGroup;
			children = (
				11E16330277D24E20074A782 /* Group View Controllers */,
				11A829FC27023F320005FF3B /* StartViewController.swift */,
				11ABF35F270AB387000EDAE8 /* MapViewController.swift */,
				1150EB05278143BA00DA0253 /* PhotoBankViewController.swift */,
				11E16337277E639F0074A782 /* TutorialViewController.swift */,
				1150EB0327813BF900DA0253 /* LandmarkListViewController.swift */,
				1154A58927904A27000D59DE /* EndViewController.swift */,
			);
			path = "View Controllers";
			sourceTree = "<group>";
		};
		11E16330277D24E20074A782 /* Group View Controllers */ = {
			isa = PBXGroup;
			children = (
				11E16335277D25360074A782 /* AViewController.swift */,
				1154A587279015EC000D59DE /* BViewController.swift */,
				1154A58D27950714000D59DE /* CViewController.swift */,
				11E16331277D250D0074A782 /* DViewController.swift */,
			);
			path = "Group View Controllers";
			sourceTree = "<group>";
		};
		5D5CFA5476B87C3DD4EFA539 /* Pods */ = {
			isa = PBXGroup;
			children = (
				DA91E77AEB18385DC19C01A3 /* Pods-TAMUBuildingSeeker.debug.xcconfig */,
				2241DAC9207D62F60ED047CD /* Pods-TAMUBuildingSeeker.release.xcconfig */,
			);
			path = Pods;
			sourceTree = "<group>";
		};
		8EE0322F4E031585D108613E /* Frameworks */ = {
			isa = PBXGroup;
			children = (
				114DC87427CCD5F000F4922D /* MapKit.framework */,
				117C481827A84579000497BD /* ResearchKit.framework */,
				117C481427A84255000497BD /* ResearchKit.framework */,
				08F159001B8E0CD0A9550E5E /* Pods_TAMUBuildingSeeker.framework */,
			);
			name = Frameworks;
			sourceTree = "<group>";
		};
/* End PBXGroup section */

/* Begin PBXNativeTarget section */
		11A829F427023F320005FF3B /* TAMUBuildingSeeker */ = {
			isa = PBXNativeTarget;
			buildConfigurationList = 11A82A0927023F380005FF3B /* Build configuration list for PBXNativeTarget "TAMUBuildingSeeker" */;
			buildPhases = (
				2D71C7F6EC8E64DAEDBB9C7F /* [CP] Check Pods Manifest.lock */,
				11A829F127023F320005FF3B /* Sources */,
				11A829F227023F320005FF3B /* Frameworks */,
				11A829F327023F320005FF3B /* Resources */,
				11BFB67D27CFD76000255C7D /* Embed Frameworks */,
				8A8318C0213B9F5F1345AE40 /* [CP] Embed Pods Frameworks */,
			);
			buildRules = (
			);
			dependencies = (
			);
			name = TAMUBuildingSeeker;
			productName = TAMUBuildingSeeker;
			productReference = 11A829F527023F320005FF3B /* TAMUBuildingSeeker.app */;
			productType = "com.apple.product-type.application";
		};
/* End PBXNativeTarget section */

/* Begin PBXProject section */
		11A829ED27023F320005FF3B /* Project object */ = {
			isa = PBXProject;
			attributes = {
				BuildIndependentTargetsInParallel = 1;
				LastSwiftUpdateCheck = 1300;
				LastUpgradeCheck = 1300;
				TargetAttributes = {
					11A829F427023F320005FF3B = {
						CreatedOnToolsVersion = 13.0;
					};
				};
			};
			buildConfigurationList = 11A829F027023F320005FF3B /* Build configuration list for PBXProject "TAMUBuildingSeeker" */;
			compatibilityVersion = "Xcode 13.0";
			developmentRegion = en;
			hasScannedForEncodings = 0;
			knownRegions = (
				en,
				Base,
			);
			mainGroup = 11A829EC27023F320005FF3B;
			productRefGroup = 11A829F627023F320005FF3B /* Products */;
			projectDirPath = "";
			projectReferences = (
				{
					ProductGroup = 117B646327FE6AED00445249 /* Products */;
					ProjectRef = 117B646227FE6AED00445249 /* ResearchKit.xcodeproj */;
				},
			);
			projectRoot = "";
			targets = (
				11A829F427023F320005FF3B /* TAMUBuildingSeeker */,
			);
		};
/* End PBXProject section */

/* Begin PBXReferenceProxy section */
		117B646927FE6AEE00445249 /* ResearchKit.framework */ = {
			isa = PBXReferenceProxy;
			fileType = wrapper.framework;
			path = ResearchKit.framework;
			remoteRef = 117B646827FE6AEE00445249 /* PBXContainerItemProxy */;
			sourceTree = BUILT_PRODUCTS_DIR;
		};
		117B646B27FE6AEE00445249 /* ResearchKitTests.xctest */ = {
			isa = PBXReferenceProxy;
			fileType = wrapper.cfbundle;
			path = ResearchKitTests.xctest;
			remoteRef = 117B646A27FE6AEE00445249 /* PBXContainerItemProxy */;
			sourceTree = BUILT_PRODUCTS_DIR;
		};
/* End PBXReferenceProxy section */

/* Begin PBXResourcesBuildPhase section */
		11A829F327023F320005FF3B /* Resources */ = {
			isa = PBXResourcesBuildPhase;
			buildActionMask = 2147483647;
			files = (
				11A82A0527023F380005FF3B /* LaunchScreen.storyboard in Resources */,
				111FB5B42721BCC30052D9CA /* GoogleService-Info.plist in Resources */,
				11A82A0227023F380005FF3B /* Assets.xcassets in Resources */,
				11A82A0027023F320005FF3B /* Main.storyboard in Resources */,
			);
			runOnlyForDeploymentPostprocessing = 0;
		};
/* End PBXResourcesBuildPhase section */

/* Begin PBXShellScriptBuildPhase section */
		2D71C7F6EC8E64DAEDBB9C7F /* [CP] Check Pods Manifest.lock */ = {
			isa = PBXShellScriptBuildPhase;
			buildActionMask = 2147483647;
			files = (
			);
			inputFileListPaths = (
			);
			inputPaths = (
				"${PODS_PODFILE_DIR_PATH}/Podfile.lock",
				"${PODS_ROOT}/Manifest.lock",
			);
			name = "[CP] Check Pods Manifest.lock";
			outputFileListPaths = (
			);
			outputPaths = (
				"$(DERIVED_FILE_DIR)/Pods-TAMUBuildingSeeker-checkManifestLockResult.txt",
			);
			runOnlyForDeploymentPostprocessing = 0;
			shellPath = /bin/sh;
			shellScript = "diff \"${PODS_PODFILE_DIR_PATH}/Podfile.lock\" \"${PODS_ROOT}/Manifest.lock\" > /dev/null\nif [ $? != 0 ] ; then\n    # print error to STDERR\n    echo \"error: The sandbox is not in sync with the Podfile.lock. Run 'pod install' or update your CocoaPods installation.\" >&2\n    exit 1\nfi\n# This output is used by Xcode 'outputs' to avoid re-running this script phase.\necho \"SUCCESS\" > \"${SCRIPT_OUTPUT_FILE_0}\"\n";
			showEnvVarsInLog = 0;
		};
		8A8318C0213B9F5F1345AE40 /* [CP] Embed Pods Frameworks */ = {
			isa = PBXShellScriptBuildPhase;
			buildActionMask = 2147483647;
			files = (
			);
			inputFileListPaths = (
				"${PODS_ROOT}/Target Support Files/Pods-TAMUBuildingSeeker/Pods-TAMUBuildingSeeker-frameworks-${CONFIGURATION}-input-files.xcfilelist",
			);
			name = "[CP] Embed Pods Frameworks";
			outputFileListPaths = (
				"${PODS_ROOT}/Target Support Files/Pods-TAMUBuildingSeeker/Pods-TAMUBuildingSeeker-frameworks-${CONFIGURATION}-output-files.xcfilelist",
			);
			runOnlyForDeploymentPostprocessing = 0;
			shellPath = /bin/sh;
			shellScript = "\"${PODS_ROOT}/Target Support Files/Pods-TAMUBuildingSeeker/Pods-TAMUBuildingSeeker-frameworks.sh\"\n";
			showEnvVarsInLog = 0;
		};
/* End PBXShellScriptBuildPhase section */

/* Begin PBXSourcesBuildPhase section */
		11A829F127023F320005FF3B /* Sources */ = {
			isa = PBXSourcesBuildPhase;
			buildActionMask = 2147483647;
			files = (
				1154A58A27904A27000D59DE /* EndViewController.swift in Sources */,
				1150EB06278143BA00DA0253 /* PhotoBankViewController.swift in Sources */,
				1154A58E27950715000D59DE /* CViewController.swift in Sources */,
				11A829FD27023F320005FF3B /* StartViewController.swift in Sources */,
				11A829F927023F320005FF3B /* AppDelegate.swift in Sources */,
				11E16332277D250D0074A782 /* DViewController.swift in Sources */,
				117C481327A837B8000497BD /* SurveyHelper.swift in Sources */,
				1154A58C27916FAD000D59DE /* MLModelManager.swift in Sources */,
				11ABF360270AB387000EDAE8 /* MapViewController.swift in Sources */,
				1150EB0427813BF900DA0253 /* LandmarkListViewController.swift in Sources */,
				11E1632D277D1C140074A782 /* Globals.swift in Sources */,
				1154A588279015EC000D59DE /* BViewController.swift in Sources */,
				11A628E827B98E2600DAC35F /* FirebaseManager.swift in Sources */,
				11E16336277D25360074A782 /* AViewController.swift in Sources */,
				11E16338277E639F0074A782 /* TutorialViewController.swift in Sources */,
				11A829FB27023F320005FF3B /* SceneDelegate.swift in Sources */,
			);
			runOnlyForDeploymentPostprocessing = 0;
		};
/* End PBXSourcesBuildPhase section */

/* Begin PBXVariantGroup section */
		11A829FE27023F320005FF3B /* Main.storyboard */ = {
			isa = PBXVariantGroup;
			children = (
				11A829FF27023F320005FF3B /* Base */,
			);
			name = Main.storyboard;
			sourceTree = "<group>";
		};
		11A82A0327023F380005FF3B /* LaunchScreen.storyboard */ = {
			isa = PBXVariantGroup;
			children = (
				11A82A0427023F380005FF3B /* Base */,
			);
			name = LaunchScreen.storyboard;
			sourceTree = "<group>";
		};
/* End PBXVariantGroup section */

/* Begin XCBuildConfiguration section */
		11A82A0727023F380005FF3B /* Debug */ = {
			isa = XCBuildConfiguration;
			buildSettings = {
				ALWAYS_SEARCH_USER_PATHS = NO;
				CLANG_ANALYZER_NONNULL = YES;
				CLANG_ANALYZER_NUMBER_OBJECT_CONVERSION = YES_AGGRESSIVE;
				CLANG_CXX_LANGUAGE_STANDARD = "gnu++17";
				CLANG_CXX_LIBRARY = "libc++";
				CLANG_ENABLE_MODULES = YES;
				CLANG_ENABLE_OBJC_ARC = YES;
				CLANG_ENABLE_OBJC_WEAK = YES;
				CLANG_WARN_BLOCK_CAPTURE_AUTORELEASING = YES;
				CLANG_WARN_BOOL_CONVERSION = YES;
				CLANG_WARN_COMMA = YES;
				CLANG_WARN_CONSTANT_CONVERSION = YES;
				CLANG_WARN_DEPRECATED_OBJC_IMPLEMENTATIONS = YES;
				CLANG_WARN_DIRECT_OBJC_ISA_USAGE = YES_ERROR;
				CLANG_WARN_DOCUMENTATION_COMMENTS = YES;
				CLANG_WARN_EMPTY_BODY = YES;
				CLANG_WARN_ENUM_CONVERSION = YES;
				CLANG_WARN_INFINITE_RECURSION = YES;
				CLANG_WARN_INT_CONVERSION = YES;
				CLANG_WARN_NON_LITERAL_NULL_CONVERSION = YES;
				CLANG_WARN_OBJC_IMPLICIT_RETAIN_SELF = YES;
				CLANG_WARN_OBJC_LITERAL_CONVERSION = YES;
				CLANG_WARN_OBJC_ROOT_CLASS = YES_ERROR;
				CLANG_WARN_QUOTED_INCLUDE_IN_FRAMEWORK_HEADER = YES;
				CLANG_WARN_RANGE_LOOP_ANALYSIS = YES;
				CLANG_WARN_STRICT_PROTOTYPES = YES;
				CLANG_WARN_SUSPICIOUS_MOVE = YES;
				CLANG_WARN_UNGUARDED_AVAILABILITY = YES_AGGRESSIVE;
				CLANG_WARN_UNREACHABLE_CODE = YES;
				CLANG_WARN__DUPLICATE_METHOD_MATCH = YES;
				COPY_PHASE_STRIP = NO;
				DEBUG_INFORMATION_FORMAT = dwarf;
				ENABLE_STRICT_OBJC_MSGSEND = YES;
				ENABLE_TESTABILITY = YES;
				GCC_C_LANGUAGE_STANDARD = gnu11;
				GCC_DYNAMIC_NO_PIC = NO;
				GCC_NO_COMMON_BLOCKS = YES;
				GCC_OPTIMIZATION_LEVEL = 0;
				GCC_PREPROCESSOR_DEFINITIONS = (
					"DEBUG=1",
					"$(inherited)",
				);
				GCC_WARN_64_TO_32_BIT_CONVERSION = YES;
				GCC_WARN_ABOUT_RETURN_TYPE = YES_ERROR;
				GCC_WARN_UNDECLARED_SELECTOR = YES;
				GCC_WARN_UNINITIALIZED_AUTOS = YES_AGGRESSIVE;
				GCC_WARN_UNUSED_FUNCTION = YES;
				GCC_WARN_UNUSED_VARIABLE = YES;
				IPHONEOS_DEPLOYMENT_TARGET = 15.0;
				MTL_ENABLE_DEBUG_INFO = INCLUDE_SOURCE;
				MTL_FAST_MATH = YES;
				ONLY_ACTIVE_ARCH = YES;
				SDKROOT = iphoneos;
				SWIFT_ACTIVE_COMPILATION_CONDITIONS = DEBUG;
				SWIFT_OPTIMIZATION_LEVEL = "-Onone";
			};
			name = Debug;
		};
		11A82A0827023F380005FF3B /* Release */ = {
			isa = XCBuildConfiguration;
			buildSettings = {
				ALWAYS_SEARCH_USER_PATHS = NO;
				CLANG_ANALYZER_NONNULL = YES;
				CLANG_ANALYZER_NUMBER_OBJECT_CONVERSION = YES_AGGRESSIVE;
				CLANG_CXX_LANGUAGE_STANDARD = "gnu++17";
				CLANG_CXX_LIBRARY = "libc++";
				CLANG_ENABLE_MODULES = YES;
				CLANG_ENABLE_OBJC_ARC = YES;
				CLANG_ENABLE_OBJC_WEAK = YES;
				CLANG_WARN_BLOCK_CAPTURE_AUTORELEASING = YES;
				CLANG_WARN_BOOL_CONVERSION = YES;
				CLANG_WARN_COMMA = YES;
				CLANG_WARN_CONSTANT_CONVERSION = YES;
				CLANG_WARN_DEPRECATED_OBJC_IMPLEMENTATIONS = YES;
				CLANG_WARN_DIRECT_OBJC_ISA_USAGE = YES_ERROR;
				CLANG_WARN_DOCUMENTATION_COMMENTS = YES;
				CLANG_WARN_EMPTY_BODY = YES;
				CLANG_WARN_ENUM_CONVERSION = YES;
				CLANG_WARN_INFINITE_RECURSION = YES;
				CLANG_WARN_INT_CONVERSION = YES;
				CLANG_WARN_NON_LITERAL_NULL_CONVERSION = YES;
				CLANG_WARN_OBJC_IMPLICIT_RETAIN_SELF = YES;
				CLANG_WARN_OBJC_LITERAL_CONVERSION = YES;
				CLANG_WARN_OBJC_ROOT_CLASS = YES_ERROR;
				CLANG_WARN_QUOTED_INCLUDE_IN_FRAMEWORK_HEADER = YES;
				CLANG_WARN_RANGE_LOOP_ANALYSIS = YES;
				CLANG_WARN_STRICT_PROTOTYPES = YES;
				CLANG_WARN_SUSPICIOUS_MOVE = YES;
				CLANG_WARN_UNGUARDED_AVAILABILITY = YES_AGGRESSIVE;
				CLANG_WARN_UNREACHABLE_CODE = YES;
				CLANG_WARN__DUPLICATE_METHOD_MATCH = YES;
				COPY_PHASE_STRIP = NO;
				DEBUG_INFORMATION_FORMAT = "dwarf-with-dsym";
				ENABLE_NS_ASSERTIONS = NO;
				ENABLE_STRICT_OBJC_MSGSEND = YES;
				GCC_C_LANGUAGE_STANDARD = gnu11;
				GCC_NO_COMMON_BLOCKS = YES;
				GCC_WARN_64_TO_32_BIT_CONVERSION = YES;
				GCC_WARN_ABOUT_RETURN_TYPE = YES_ERROR;
				GCC_WARN_UNDECLARED_SELECTOR = YES;
				GCC_WARN_UNINITIALIZED_AUTOS = YES_AGGRESSIVE;
				GCC_WARN_UNUSED_FUNCTION = YES;
				GCC_WARN_UNUSED_VARIABLE = YES;
				IPHONEOS_DEPLOYMENT_TARGET = 15.0;
				MTL_ENABLE_DEBUG_INFO = NO;
				MTL_FAST_MATH = YES;
				SDKROOT = iphoneos;
				SWIFT_COMPILATION_MODE = wholemodule;
				SWIFT_OPTIMIZATION_LEVEL = "-O";
				VALIDATE_PRODUCT = YES;
			};
			name = Release;
		};
		11A82A0A27023F380005FF3B /* Debug */ = {
			isa = XCBuildConfiguration;
			baseConfigurationReference = DA91E77AEB18385DC19C01A3 /* Pods-TAMUBuildingSeeker.debug.xcconfig */;
			buildSettings = {
				ASSETCATALOG_COMPILER_APPICON_NAME = AppIcon;
				ASSETCATALOG_COMPILER_GLOBAL_ACCENT_COLOR_NAME = AccentColor;
				CODE_SIGN_ENTITLEMENTS = TAMUBuildingSeeker/TAMUBuildingSeeker.entitlements;
				CODE_SIGN_STYLE = Automatic;
				CURRENT_PROJECT_VERSION = 6;
				DEVELOPMENT_TEAM = PFCM63NH3Y;
				GENERATE_INFOPLIST_FILE = YES;
				INFOPLIST_FILE = TAMUBuildingSeeker/Info.plist;
				INFOPLIST_KEY_LSSupportsOpeningDocumentsInPlace = YES;
				INFOPLIST_KEY_NSCameraUsageDescription = "TAMU Building Seeker requires access to camera for taking pictures of buildings or using photo library building pictures.";
				INFOPLIST_KEY_NSHealthShareUsageDescription = "Used to share survey results";
				INFOPLIST_KEY_NSHealthUpdateUsageDescription = "Used to share survey results";
				INFOPLIST_KEY_NSLocationAlwaysAndWhenInUseUsageDescription = "Show location on map";
				INFOPLIST_KEY_NSLocationAlwaysUsageDescription = "Show location on map";
				INFOPLIST_KEY_NSLocationWhenInUseUsageDescription = "Show location on map";
				INFOPLIST_KEY_NSMicrophoneUsageDescription = "Used to send push notification noise";
				INFOPLIST_KEY_NSMotionUsageDescription = "Used to get location data";
				INFOPLIST_KEY_NSSpeechRecognitionUsageDescription = "Used to send push notification noise";
				INFOPLIST_KEY_UIApplicationSupportsIndirectInputEvents = YES;
				INFOPLIST_KEY_UILaunchStoryboardName = LaunchScreen;
				INFOPLIST_KEY_UIMainStoryboardFile = Main;
				INFOPLIST_KEY_UISupportedInterfaceOrientations = "UIInterfaceOrientationPortraitUpsideDown UIInterfaceOrientationPortrait";
				INFOPLIST_KEY_UISupportedInterfaceOrientations_iPad = "UIInterfaceOrientationLandscapeRight UIInterfaceOrientationLandscapeLeft UIInterfaceOrientationPortrait UIInterfaceOrientationPortraitUpsideDown";
				INFOPLIST_KEY_UISupportedInterfaceOrientations_iPhone = "UIInterfaceOrientationPortraitUpsideDown UIInterfaceOrientationPortrait";
				IPHONEOS_DEPLOYMENT_TARGET = 14.0;
				LD_RUNPATH_SEARCH_PATHS = (
					"$(inherited)",
					"@executable_path/Frameworks",
				);
				MARKETING_VERSION = 0.2.0;
				PRODUCT_BUNDLE_IDENTIFIER = com.AlexanderHallCS.TAMUBuildingSeeker;
				PRODUCT_NAME = "$(TARGET_NAME)";
				SWIFT_EMIT_LOC_STRINGS = YES;
				SWIFT_VERSION = 5.0;
				TARGETED_DEVICE_FAMILY = "1,2";
			};
			name = Debug;
		};
		11A82A0B27023F380005FF3B /* Release */ = {
			isa = XCBuildConfiguration;
			baseConfigurationReference = 2241DAC9207D62F60ED047CD /* Pods-TAMUBuildingSeeker.release.xcconfig */;
			buildSettings = {
				ASSETCATALOG_COMPILER_APPICON_NAME = AppIcon;
				ASSETCATALOG_COMPILER_GLOBAL_ACCENT_COLOR_NAME = AccentColor;
				CODE_SIGN_ENTITLEMENTS = TAMUBuildingSeeker/TAMUBuildingSeekerRelease.entitlements;
				CODE_SIGN_STYLE = Automatic;
				CURRENT_PROJECT_VERSION = 6;
				DEVELOPMENT_TEAM = PFCM63NH3Y;
				GENERATE_INFOPLIST_FILE = YES;
				INFOPLIST_FILE = TAMUBuildingSeeker/Info.plist;
				INFOPLIST_KEY_LSSupportsOpeningDocumentsInPlace = YES;
				INFOPLIST_KEY_NSCameraUsageDescription = "TAMU Building Seeker requires access to camera for taking pictures of buildings or using photo library building pictures.";
				INFOPLIST_KEY_NSHealthShareUsageDescription = "Used to share survey results";
				INFOPLIST_KEY_NSHealthUpdateUsageDescription = "Used to share survey results";
				INFOPLIST_KEY_NSLocationAlwaysAndWhenInUseUsageDescription = "Show location on map";
				INFOPLIST_KEY_NSLocationAlwaysUsageDescription = "Show location on map";
				INFOPLIST_KEY_NSLocationWhenInUseUsageDescription = "Show location on map";
				INFOPLIST_KEY_NSMicrophoneUsageDescription = "Used to send push notification noise";
				INFOPLIST_KEY_NSMotionUsageDescription = "Used to get location data";
				INFOPLIST_KEY_NSSpeechRecognitionUsageDescription = "Used to send push notification noise";
				INFOPLIST_KEY_UIApplicationSupportsIndirectInputEvents = YES;
				INFOPLIST_KEY_UILaunchStoryboardName = LaunchScreen;
				INFOPLIST_KEY_UIMainStoryboardFile = Main;
				INFOPLIST_KEY_UISupportedInterfaceOrientations = "UIInterfaceOrientationPortraitUpsideDown UIInterfaceOrientationPortrait";
				INFOPLIST_KEY_UISupportedInterfaceOrientations_iPad = "UIInterfaceOrientationLandscapeRight UIInterfaceOrientationLandscapeLeft UIInterfaceOrientationPortrait UIInterfaceOrientationPortraitUpsideDown";
				INFOPLIST_KEY_UISupportedInterfaceOrientations_iPhone = "UIInterfaceOrientationPortraitUpsideDown UIInterfaceOrientationPortrait";
				IPHONEOS_DEPLOYMENT_TARGET = 14.0;
				LD_RUNPATH_SEARCH_PATHS = (
					"$(inherited)",
					"@executable_path/Frameworks",
				);
				MARKETING_VERSION = 0.2.0;
				PRODUCT_BUNDLE_IDENTIFIER = com.AlexanderHallCS.TAMUBuildingSeeker;
				PRODUCT_NAME = "$(TARGET_NAME)";
				SWIFT_EMIT_LOC_STRINGS = YES;
				SWIFT_VERSION = 5.0;
				TARGETED_DEVICE_FAMILY = "1,2";
			};
			name = Release;
		};
/* End XCBuildConfiguration section */

/* Begin XCConfigurationList section */
		11A829F027023F320005FF3B /* Build configuration list for PBXProject "TAMUBuildingSeeker" */ = {
			isa = XCConfigurationList;
			buildConfigurations = (
				11A82A0727023F380005FF3B /* Debug */,
				11A82A0827023F380005FF3B /* Release */,
			);
			defaultConfigurationIsVisible = 0;
			defaultConfigurationName = Release;
		};
		11A82A0927023F380005FF3B /* Build configuration list for PBXNativeTarget "TAMUBuildingSeeker" */ = {
			isa = XCConfigurationList;
			buildConfigurations = (
				11A82A0A27023F380005FF3B /* Debug */,
				11A82A0B27023F380005FF3B /* Release */,
			);
			defaultConfigurationIsVisible = 0;
			defaultConfigurationName = Release;
		};
/* End XCConfigurationList section */
	};
	rootObject = 11A829ED27023F320005FF3B /* Project object */;
}
